
Microsoft Visual Studio Solution File, Format Version 12.00
# Visual Studio Version 16
VisualStudioVersion = 16.0.30204.135
MinimumVisualStudioVersion = 10.0.40219.1
Project("{9A19103F-16F7-4668-BE54-9A1E7A4F7556}") = "CloudStorageDistribution", "CloudStorageDistribution.csproj", "{FB2054EB-E39B-4A9C-8F3C-AFE2B041CA7F}"
EndProject
Project("{FAE04EC0-301F-11D3-BF4B-00C04F79EFBC}") = "CloudStorageDistributionTesting", "CloudStorageDistributionTesting\CloudStorageDistributionTesting\CloudStorageDistributionTesting.csproj", "{8A31BC23-D5AE-4CE5-A5F4-0A3D1B7DCACE}"
EndProject
Global
	GlobalSection(SolutionConfigurationPlatforms) = preSolution
		Debug|Any CPU = Debug|Any CPU
		Release|Any CPU = Release|Any CPU
	EndGlobalSection
	GlobalSection(ProjectConfigurationPlatforms) = postSolution
		{FB2054EB-E39B-4A9C-8F3C-AFE2B041CA7F}.Debug|Any CPU.ActiveCfg = Debug|Any CPU
		{FB2054EB-E39B-4A9C-8F3C-AFE2B041CA7F}.Debug|Any CPU.Build.0 = Debug|Any CPU
		{FB2054EB-E39B-4A9C-8F3C-AFE2B041CA7F}.Release|Any CPU.ActiveCfg = Release|Any CPU
		{FB2054EB-E39B-4A9C-8F3C-AFE2B041CA7F}.Release|Any CPU.Build.0 = Release|Any CPU
		{8A31BC23-D5AE-4CE5-A5F4-0A3D1B7DCACE}.Debug|Any CPU.ActiveCfg = Debug|Any CPU
		{8A31BC23-D5AE-4CE5-A5F4-0A3D1B7DCACE}.Debug|Any CPU.Build.0 = Debug|Any CPU
		{8A31BC23-D5AE-4CE5-A5F4-0A3D1B7DCACE}.Release|Any CPU.ActiveCfg = Release|Any CPU
		{8A31BC23-D5AE-4CE5-A5F4-0A3D1B7DCACE}.Release|Any CPU.Build.0 = Release|Any CPU
	EndGlobalSection
	GlobalSection(SolutionProperties) = preSolution
		HideSolutionNode = FALSE
	EndGlobalSection
	GlobalSection(ExtensibilityGlobals) = postSolution
		SolutionGuid = {E4743498-AA30-4317-8EA3-1EE1104E1C2F}
	EndGlobalSection
EndGlobal
